
Microsoft Visual Studio Solution File, Format Version 12.00
# Visual Studio Version 17
VisualStudioVersion = 17.3.32901.215
MinimumVisualStudioVersion = 10.0.40219.1
Project("{FAE04EC0-301F-11D3-BF4B-00C04F79EFBC}") = "PerfectMaze", "PerfectMaze\PerfectMaze.csproj", "{AB2228CC-6695-441B-A4CA-6FD947D31B44}"
EndProject
Global
	GlobalSection(SolutionConfigurationPlatforms) = preSolution
		Debug|Any CPU = Debug|Any CPU
		Release|Any CPU = Release|Any CPU
	EndGlobalSection
	GlobalSection(ProjectConfigurationPlatforms) = postSolution
		{AB2228CC-6695-441B-A4CA-6FD947D31B44}.Debug|Any CPU.ActiveCfg = Debug|Any CPU
		{AB2228CC-6695-441B-A4CA-6FD947D31B44}.Debug|Any CPU.Build.0 = Debug|Any CPU
		{AB2228CC-6695-441B-A4CA-6FD947D31B44}.Release|Any CPU.ActiveCfg = Release|Any CPU
		{AB2228CC-6695-441B-A4CA-6FD947D31B44}.Release|Any CPU.Build.0 = Release|Any CPU
	EndGlobalSection
	GlobalSection(SolutionProperties) = preSolution
		HideSolutionNode = FALSE
	EndGlobalSection
	GlobalSection(ExtensibilityGlobals) = postSolution
		SolutionGuid = {7F419C7A-8E5D-4AA9-9C0D-D18722C0ED81}
	EndGlobalSection
EndGlobal
